
Microsoft Visual Studio Solution File, Format Version 12.00
# Visual Studio Version 16
VisualStudioVersion = 16.0.31911.196
MinimumVisualStudioVersion = 10.0.40219.1
Project("{FAE04EC0-301F-11D3-BF4B-00C04F79EFBC}") = "AspIntro", "AspIntro\AspIntro.csproj", "{8AC7D309-7987-4275-978B-9741D6D357D8}"
EndProject
Global
	GlobalSection(SolutionConfigurationPlatforms) = preSolution
		Debug|Any CPU = Debug|Any CPU
		Release|Any CPU = Release|Any CPU
	EndGlobalSection
	GlobalSection(ProjectConfigurationPlatforms) = postSolution
		{8AC7D309-7987-4275-978B-9741D6D357D8}.Debug|Any CPU.ActiveCfg = Debug|Any CPU
		{8AC7D309-7987-4275-978B-9741D6D357D8}.Debug|Any CPU.Build.0 = Debug|Any CPU
		{8AC7D309-7987-4275-978B-9741D6D357D8}.Release|Any CPU.ActiveCfg = Release|Any CPU
		{8AC7D309-7987-4275-978B-9741D6D357D8}.Release|Any CPU.Build.0 = Release|Any CPU
	EndGlobalSection
	GlobalSection(SolutionProperties) = preSolution
		HideSolutionNode = FALSE
	EndGlobalSection
	GlobalSection(ExtensibilityGlobals) = postSolution
		SolutionGuid = {B15A75DC-3FFC-4DE5-ADFB-782A598CEA0E}
	EndGlobalSection
EndGlobal
